
Microsoft Visual Studio Solution File, Format Version 12.00
# Visual Studio Version 17
VisualStudioVersion = 17.5.33414.496
MinimumVisualStudioVersion = 10.0.40219.1
Project("{FAE04EC0-301F-11D3-BF4B-00C04F79EFBC}") = "BackEnd", "BackEnd\BackEnd.csproj", "{75EBE725-2101-401F-8C92-F6833C7AF460}"
EndProject
Global
	GlobalSection(SolutionConfigurationPlatforms) = preSolution
		Debug|Any CPU = Debug|Any CPU
		Release|Any CPU = Release|Any CPU
	EndGlobalSection
	GlobalSection(ProjectConfigurationPlatforms) = postSolution
		{75EBE725-2101-401F-8C92-F6833C7AF460}.Debug|Any CPU.ActiveCfg = Debug|Any CPU
		{75EBE725-2101-401F-8C92-F6833C7AF460}.Debug|Any CPU.Build.0 = Debug|Any CPU
		{75EBE725-2101-401F-8C92-F6833C7AF460}.Release|Any CPU.ActiveCfg = Release|Any CPU
		{75EBE725-2101-401F-8C92-F6833C7AF460}.Release|Any CPU.Build.0 = Release|Any CPU
	EndGlobalSection
	GlobalSection(SolutionProperties) = preSolution
		HideSolutionNode = FALSE
	EndGlobalSection
	GlobalSection(ExtensibilityGlobals) = postSolution
		SolutionGuid = {FA9599C4-FAC7-4E69-BE35-170429D152C7}
	EndGlobalSection
EndGlobal
